
Microsoft Visual Studio Solution File, Format Version 11.00
# Visual Studio 2010
Project("{FAE04EC0-301F-11D3-BF4B-00C04F79EFBC}") = "AutoAsyncNET35", "AutoAsync\AutoAsyncNET35.csproj", "{6BBCFF40-975C-40EF-9098-720182762376}"
EndProject
Project("{FAE04EC0-301F-11D3-BF4B-00C04F79EFBC}") = "AutoAsync.Tests", "AutoAsync.Tests\AutoAsync.Tests.csproj", "{34DDF2BC-DFA5-417B-BF41-43A429D5D31B}"
EndProject
Global
	GlobalSection(SolutionConfigurationPlatforms) = preSolution
		Debug|Any CPU = Debug|Any CPU
		Debug|Mixed Platforms = Debug|Mixed Platforms
		Debug|x86 = Debug|x86
		Release|Any CPU = Release|Any CPU
		Release|Mixed Platforms = Release|Mixed Platforms
		Release|x86 = Release|x86
	EndGlobalSection
	GlobalSection(ProjectConfigurationPlatforms) = postSolution
		{34DDF2BC-DFA5-417B-BF41-43A429D5D31B}.Debug|Any CPU.ActiveCfg = Debug|Any CPU
		{34DDF2BC-DFA5-417B-BF41-43A429D5D31B}.Debug|Any CPU.Build.0 = Debug|Any CPU
		{34DDF2BC-DFA5-417B-BF41-43A429D5D31B}.Release|Any CPU.ActiveCfg = Release|Any CPU
		{34DDF2BC-DFA5-417B-BF41-43A429D5D31B}.Release|Any CPU.Build.0 = Release|Any CPU
	EndGlobalSection
	GlobalSection(SolutionProperties) = preSolution
		HideSolutionNode = FALSE
	EndGlobalSection
EndGlobal
